{
  "name": "r-factor-vscode",
  "version": "1.0.0",
  "lockfileVersion": 2,
  "requires": true,
  "packages": {
    "": {
      "name": "r-factor-vscode",
      "version": "1.0.0",
      "license": "MIT",
      "engines": {
        "node": ">=8.0.0",
        "vscode": "^1.24.0"
      }
    }
  }
}
